
Microsoft Visual Studio Solution File, Format Version 12.00
# Visual Studio 15
VisualStudioVersion = 15.0.27428.2037
MinimumVisualStudioVersion = 10.0.40219.1
Project("{00D1A9C2-B5F0-4AF3-8072-F6C62B433612}") = "OpahRede.SqlServer", "OpahRede.SqlServer\OpahRede.SqlServer.sqlproj", "{5D0B8E62-0C37-4875-BDAA-85F7CC6E552F}"
EndProject
Global
	GlobalSection(SolutionConfigurationPlatforms) = preSolution
		Debug|Any CPU = Debug|Any CPU
		Release|Any CPU = Release|Any CPU
	EndGlobalSection
	GlobalSection(ProjectConfigurationPlatforms) = postSolution
		{5D0B8E62-0C37-4875-BDAA-85F7CC6E552F}.Debug|Any CPU.ActiveCfg = Debug|Any CPU
		{5D0B8E62-0C37-4875-BDAA-85F7CC6E552F}.Debug|Any CPU.Build.0 = Debug|Any CPU
		{5D0B8E62-0C37-4875-BDAA-85F7CC6E552F}.Debug|Any CPU.Deploy.0 = Debug|Any CPU
		{5D0B8E62-0C37-4875-BDAA-85F7CC6E552F}.Release|Any CPU.ActiveCfg = Release|Any CPU
		{5D0B8E62-0C37-4875-BDAA-85F7CC6E552F}.Release|Any CPU.Build.0 = Release|Any CPU
		{5D0B8E62-0C37-4875-BDAA-85F7CC6E552F}.Release|Any CPU.Deploy.0 = Release|Any CPU
	EndGlobalSection
	GlobalSection(SolutionProperties) = preSolution
		HideSolutionNode = FALSE
	EndGlobalSection
	GlobalSection(ExtensibilityGlobals) = postSolution
		SolutionGuid = {C5FA7C02-30FF-48E6-8754-982407867666}
	EndGlobalSection
EndGlobal
